
Microsoft Visual Studio Solution File, Format Version 12.00
# Visual Studio Version 16
VisualStudioVersion = 16.0.30717.126
MinimumVisualStudioVersion = 10.0.40219.1
Project("{F184B08F-C81C-45F6-A57F-5ABD9991F28F}") = "select_case", "select_case.vbproj", "{325E8200-94DE-4999-9265-A50F28B88754}"
EndProject
Global
	GlobalSection(SolutionConfigurationPlatforms) = preSolution
		Debug|Any CPU = Debug|Any CPU
		Release|Any CPU = Release|Any CPU
	EndGlobalSection
	GlobalSection(ProjectConfigurationPlatforms) = postSolution
		{325E8200-94DE-4999-9265-A50F28B88754}.Debug|Any CPU.ActiveCfg = Debug|Any CPU
		{325E8200-94DE-4999-9265-A50F28B88754}.Debug|Any CPU.Build.0 = Debug|Any CPU
		{325E8200-94DE-4999-9265-A50F28B88754}.Release|Any CPU.ActiveCfg = Release|Any CPU
		{325E8200-94DE-4999-9265-A50F28B88754}.Release|Any CPU.Build.0 = Release|Any CPU
	EndGlobalSection
	GlobalSection(SolutionProperties) = preSolution
		HideSolutionNode = FALSE
	EndGlobalSection
	GlobalSection(ExtensibilityGlobals) = postSolution
		SolutionGuid = {147B24C1-D7AC-4E91-953F-77DF7557FE27}
	EndGlobalSection
EndGlobal
