
Microsoft Visual Studio Solution File, Format Version 12.00
# Visual Studio Version 16
VisualStudioVersion = 16.0.30717.126
MinimumVisualStudioVersion = 10.0.40219.1
Project("{F184B08F-C81C-45F6-A57F-5ABD9991F28F}") = "Electricity Bill", "Electricity Bill.vbproj", "{A4B4BCCA-F22D-484C-9AC8-F5BE4ACA5D49}"
EndProject
Global
	GlobalSection(SolutionConfigurationPlatforms) = preSolution
		Debug|Any CPU = Debug|Any CPU
		Release|Any CPU = Release|Any CPU
	EndGlobalSection
	GlobalSection(ProjectConfigurationPlatforms) = postSolution
		{A4B4BCCA-F22D-484C-9AC8-F5BE4ACA5D49}.Debug|Any CPU.ActiveCfg = Debug|Any CPU
		{A4B4BCCA-F22D-484C-9AC8-F5BE4ACA5D49}.Debug|Any CPU.Build.0 = Debug|Any CPU
		{A4B4BCCA-F22D-484C-9AC8-F5BE4ACA5D49}.Release|Any CPU.ActiveCfg = Release|Any CPU
		{A4B4BCCA-F22D-484C-9AC8-F5BE4ACA5D49}.Release|Any CPU.Build.0 = Release|Any CPU
	EndGlobalSection
	GlobalSection(SolutionProperties) = preSolution
		HideSolutionNode = FALSE
	EndGlobalSection
	GlobalSection(ExtensibilityGlobals) = postSolution
		SolutionGuid = {2A5EAA8D-9670-41AA-9252-AEB88D9D8D3D}
	EndGlobalSection
EndGlobal
